// !$*UTF8*$!
{
	archiveVersion = 1;
	classes = {
	};
	objectVersion = 46;
	objects = {

/* Begin PBXBuildFile section */
		3664113918F00B1300C9B799 /* Foundation.framework in Frameworks */ = {isa = PBXBuildFile; fileRef = 3664113818F00B1300C9B799 /* Foundation.framework */; };
		3664113B18F00B1300C9B799 /* CoreGraphics.framework in Frameworks */ = {isa = PBXBuildFile; fileRef = 3664113A18F00B1300C9B799 /* CoreGraphics.framework */; };
		3664113D18F00B1300C9B799 /* UIKit.framework in Frameworks */ = {isa = PBXBuildFile; fileRef = 3664113C18F00B1300C9B799 /* UIKit.framework */; };
		3664113F18F00B1300C9B799 /* SpriteKit.framework in Frameworks */ = {isa = PBXBuildFile; fileRef = 3664113E18F00B1300C9B799 /* SpriteKit.framework */; };
		3664114518F00B1300C9B799 /* InfoPlist.strings in Resources */ = {isa = PBXBuildFile; fileRef = 3664114318F00B1300C9B799 /* InfoPlist.strings */; };
		3664114718F00B1300C9B799 /* main.m in Sources */ = {isa = PBXBuildFile; fileRef = 3664114618F00B1300C9B799 /* main.m */; };
		3664114B18F00B1300C9B799 /* AppDelegate.m in Sources */ = {isa = PBXBuildFile; fileRef = 3664114A18F00B1300C9B799 /* AppDelegate.m */; };
		3664114E18F00B1300C9B799 /* Main.storyboard in Resources */ = {isa = PBXBuildFile; fileRef = 3664114C18F00B1300C9B799 /* Main.storyboard */; };
		3664115118F00B1300C9B799 /* ViewController.m in Sources */ = {isa = PBXBuildFile; fileRef = 3664115018F00B1300C9B799 /* ViewController.m */; };
		3664115418F00B1300C9B799 /* MyScene.m in Sources */ = {isa = PBXBuildFile; fileRef = 3664115318F00B1300C9B799 /* MyScene.m */; };
		3664115818F00B1300C9B799 /* Images.xcassets in Resources */ = {isa = PBXBuildFile; fileRef = 3664115718F00B1300C9B799 /* Images.xcassets */; };
		3664115F18F00B1300C9B799 /* XCTest.framework in Frameworks */ = {isa = PBXBuildFile; fileRef = 3664115E18F00B1300C9B799 /* XCTest.framework */; };
		3664116018F00B1300C9B799 /* Foundation.framework in Frameworks */ = {isa = PBXBuildFile; fileRef = 3664113818F00B1300C9B799 /* Foundation.framework */; };
		3664116118F00B1300C9B799 /* UIKit.framework in Frameworks */ = {isa = PBXBuildFile; fileRef = 3664113C18F00B1300C9B799 /* UIKit.framework */; };
		3664116918F00B1300C9B799 /* InfoPlist.strings in Resources */ = {isa = PBXBuildFile; fileRef = 3664116718F00B1300C9B799 /* InfoPlist.strings */; };
		3664116B18F00B1300C9B799 /* TheShellGameTests.m in Sources */ = {isa = PBXBuildFile; fileRef = 3664116A18F00B1300C9B799 /* TheShellGameTests.m */; };
		3679BA4A18F1C7BD00FDF047 /* MenuScene.m in Sources */ = {isa = PBXBuildFile; fileRef = 3679BA4918F1C7BD00FDF047 /* MenuScene.m */; };
		3679BA4D18F1D65700FDF047 /* OptionsScene.m in Sources */ = {isa = PBXBuildFile; fileRef = 3679BA4C18F1D65700FDF047 /* OptionsScene.m */; };
		3679BA5018F1DC1D00FDF047 /* GameManager.m in Sources */ = {isa = PBXBuildFile; fileRef = 3679BA4F18F1DC1D00FDF047 /* GameManager.m */; };
		36AE94CA19018F2D008AD2B3 /* PreHighscoreScene.m in Sources */ = {isa = PBXBuildFile; fileRef = 36AE94C919018F2D008AD2B3 /* PreHighscoreScene.m */; };
		36AE94CD19018F3D008AD2B3 /* HighscoreScene.m in Sources */ = {isa = PBXBuildFile; fileRef = 36AE94CC19018F3D008AD2B3 /* HighscoreScene.m */; };
		36FAD5E818F5C7E50018DBF7 /* blikje.png in Resources */ = {isa = PBXBuildFile; fileRef = 36FAD5E718F5C7E50018DBF7 /* blikje.png */; };
		36FAD5F018F5CBB70018DBF7 /* pingpongbal.png in Resources */ = {isa = PBXBuildFile; fileRef = 36FAD5EF18F5CBB70018DBF7 /* pingpongbal.png */; };
/* End PBXBuildFile section */

/* Begin PBXContainerItemProxy section */
		3664116218F00B1300C9B799 /* PBXContainerItemProxy */ = {
			isa = PBXContainerItemProxy;
			containerPortal = 3664112D18F00B1300C9B799 /* Project object */;
			proxyType = 1;
			remoteGlobalIDString = 3664113418F00B1300C9B799;
			remoteInfo = TheShellGame;
		};
/* End PBXContainerItemProxy section */

/* Begin PBXFileReference section */
		3664113518F00B1300C9B799 /* TheShellGame.app */ = {isa = PBXFileReference; explicitFileType = wrapper.application; includeInIndex = 0; path = TheShellGame.app; sourceTree = BUILT_PRODUCTS_DIR; };
		3664113818F00B1300C9B799 /* Foundation.framework */ = {isa = PBXFileReference; lastKnownFileType = wrapper.framework; name = Foundation.framework; path = System/Library/Frameworks/Foundation.framework; sourceTree = SDKROOT; };
		3664113A18F00B1300C9B799 /* CoreGraphics.framework */ = {isa = PBXFileReference; lastKnownFileType = wrapper.framework; name = CoreGraphics.framework; path = System/Library/Frameworks/CoreGraphics.framework; sourceTree = SDKROOT; };
		3664113C18F00B1300C9B799 /* UIKit.framework */ = {isa = PBXFileReference; lastKnownFileType = wrapper.framework; name = UIKit.framework; path = System/Library/Frameworks/UIKit.framework; sourceTree = SDKROOT; };
		3664113E18F00B1300C9B799 /* SpriteKit.framework */ = {isa = PBXFileReference; lastKnownFileType = wrapper.framework; name = SpriteKit.framework; path = System/Library/Frameworks/SpriteKit.framework; sourceTree = SDKROOT; };
		3664114218F00B1300C9B799 /* TheShellGame-Info.plist */ = {isa = PBXFileReference; lastKnownFileType = text.plist.xml; path = "TheShellGame-Info.plist"; sourceTree = "<group>"; };
		3664114418F00B1300C9B799 /* en */ = {isa = PBXFileReference; lastKnownFileType = text.plist.strings; name = en; path = en.lproj/InfoPlist.strings; sourceTree = "<group>"; };
		3664114618F00B1300C9B799 /* main.m */ = {isa = PBXFileReference; lastKnownFileType = sourcecode.c.objc; path = main.m; sourceTree = "<group>"; };
		3664114818F00B1300C9B799 /* TheShellGame-Prefix.pch */ = {isa = PBXFileReference; lastKnownFileType = sourcecode.c.h; path = "TheShellGame-Prefix.pch"; sourceTree = "<group>"; };
		3664114918F00B1300C9B799 /* AppDelegate.h */ = {isa = PBXFileReference; lastKnownFileType = sourcecode.c.h; path = AppDelegate.h; sourceTree = "<group>"; };
		3664114A18F00B1300C9B799 /* AppDelegate.m */ = {isa = PBXFileReference; lastKnownFileType = sourcecode.c.objc; path = AppDelegate.m; sourceTree = "<group>"; };
		3664114D18F00B1300C9B799 /* Base */ = {isa = PBXFileReference; lastKnownFileType = file.storyboard; name = Base; path = Base.lproj/Main.storyboard; sourceTree = "<group>"; };
		3664114F18F00B1300C9B799 /* ViewController.h */ = {isa = PBXFileReference; lastKnownFileType = sourcecode.c.h; path = ViewController.h; sourceTree = "<group>"; };
		3664115018F00B1300C9B799 /* ViewController.m */ = {isa = PBXFileReference; lastKnownFileType = sourcecode.c.objc; path = ViewController.m; sourceTree = "<group>"; };
		3664115218F00B1300C9B799 /* MyScene.h */ = {isa = PBXFileReference; lastKnownFileType = sourcecode.c.h; path = MyScene.h; sourceTree = "<group>"; };
		3664115318F00B1300C9B799 /* MyScene.m */ = {isa = PBXFileReference; lastKnownFileType = sourcecode.c.objc; path = MyScene.m; sourceTree = "<group>"; };
		3664115718F00B1300C9B799 /* Images.xcassets */ = {isa = PBXFileReference; lastKnownFileType = folder.assetcatalog; path = Images.xcassets; sourceTree = "<group>"; };
		3664115D18F00B1300C9B799 /* TheShellGameTests.xctest */ = {isa = PBXFileReference; explicitFileType = wrapper.cfbundle; includeInIndex = 0; path = TheShellGameTests.xctest; sourceTree = BUILT_PRODUCTS_DIR; };
		3664115E18F00B1300C9B799 /* XCTest.framework */ = {isa = PBXFileReference; lastKnownFileType = wrapper.framework; name = XCTest.framework; path = Library/Frameworks/XCTest.framework; sourceTree = DEVELOPER_DIR; };
		3664116618F00B1300C9B799 /* TheShellGameTests-Info.plist */ = {isa = PBXFileReference; lastKnownFileType = text.plist.xml; path = "TheShellGameTests-Info.plist"; sourceTree = "<group>"; };
		3664116818F00B1300C9B799 /* en */ = {isa = PBXFileReference; lastKnownFileType = text.plist.strings; name = en; path = en.lproj/InfoPlist.strings; sourceTree = "<group>"; };
		3664116A18F00B1300C9B799 /* TheShellGameTests.m */ = {isa = PBXFileReference; lastKnownFileType = sourcecode.c.objc; path = TheShellGameTests.m; sourceTree = "<group>"; };
		3679BA4818F1C7BD00FDF047 /* MenuScene.h */ = {isa = PBXFileReference; fileEncoding = 4; lastKnownFileType = sourcecode.c.h; path = MenuScene.h; sourceTree = "<group>"; };
		3679BA4918F1C7BD00FDF047 /* MenuScene.m */ = {isa = PBXFileReference; fileEncoding = 4; lastKnownFileType = sourcecode.c.objc; path = MenuScene.m; sourceTree = "<group>"; };
		3679BA4B18F1D65700FDF047 /* OptionsScene.h */ = {isa = PBXFileReference; fileEncoding = 4; lastKnownFileType = sourcecode.c.h; path = OptionsScene.h; sourceTree = "<group>"; };
		3679BA4C18F1D65700FDF047 /* OptionsScene.m */ = {isa = PBXFileReference; fileEncoding = 4; lastKnownFileType = sourcecode.c.objc; path = OptionsScene.m; sourceTree = "<group>"; };
		3679BA4E18F1DC1D00FDF047 /* GameManager.h */ = {isa = PBXFileReference; fileEncoding = 4; lastKnownFileType = sourcecode.c.h; path = GameManager.h; sourceTree = "<group>"; };
		3679BA4F18F1DC1D00FDF047 /* GameManager.m */ = {isa = PBXFileReference; fileEncoding = 4; lastKnownFileType = sourcecode.c.objc; path = GameManager.m; sourceTree = "<group>"; };
		36AE94C819018F2D008AD2B3 /* PreHighscoreScene.h */ = {isa = PBXFileReference; fileEncoding = 4; lastKnownFileType = sourcecode.c.h; path = PreHighscoreScene.h; sourceTree = "<group>"; };
		36AE94C919018F2D008AD2B3 /* PreHighscoreScene.m */ = {isa = PBXFileReference; fileEncoding = 4; lastKnownFileType = sourcecode.c.objc; path = PreHighscoreScene.m; sourceTree = "<group>"; };
		36AE94CB19018F3D008AD2B3 /* HighscoreScene.h */ = {isa = PBXFileReference; fileEncoding = 4; lastKnownFileType = sourcecode.c.h; path = HighscoreScene.h; sourceTree = "<group>"; };
		36AE94CC19018F3D008AD2B3 /* HighscoreScene.m */ = {isa = PBXFileReference; fileEncoding = 4; lastKnownFileType = sourcecode.c.objc; path = HighscoreScene.m; sourceTree = "<group>"; };
		36C76BE81902770C00D2DD19 /* SystemConfiguration.framework */ = {isa = PBXFileReference; lastKnownFileType = wrapper.framework; name = SystemConfiguration.framework; path = System/Library/Frameworks/SystemConfiguration.framework; sourceTree = SDKROOT; };
		36FAD5E718F5C7E50018DBF7 /* blikje.png */ = {isa = PBXFileReference; lastKnownFileType = image.png; path = blikje.png; sourceTree = "<group>"; };
		36FAD5EF18F5CBB70018DBF7 /* pingpongbal.png */ = {isa = PBXFileReference; lastKnownFileType = image.png; path = pingpongbal.png; sourceTree = "<group>"; };
/* End PBXFileReference section */

/* Begin PBXFrameworksBuildPhase section */
		3664113218F00B1300C9B799 /* Frameworks */ = {
			isa = PBXFrameworksBuildPhase;
			buildActionMask = 2147483647;
			files = (
				3664113B18F00B1300C9B799 /* CoreGraphics.framework in Frameworks */,
				3664113D18F00B1300C9B799 /* UIKit.framework in Frameworks */,
				3664113F18F00B1300C9B799 /* SpriteKit.framework in Frameworks */,
				3664113918F00B1300C9B799 /* Foundation.framework in Frameworks */,
			);
			runOnlyForDeploymentPostprocessing = 0;
		};
		3664115A18F00B1300C9B799 /* Frameworks */ = {
			isa = PBXFrameworksBuildPhase;
			buildActionMask = 2147483647;
			files = (
				3664115F18F00B1300C9B799 /* XCTest.framework in Frameworks */,
				3664116118F00B1300C9B799 /* UIKit.framework in Frameworks */,
				3664116018F00B1300C9B799 /* Foundation.framework in Frameworks */,
			);
			runOnlyForDeploymentPostprocessing = 0;
		};
/* End PBXFrameworksBuildPhase section */

/* Begin PBXGroup section */
		3664112C18F00B1300C9B799 = {
			isa = PBXGroup;
			children = (
				3664114018F00B1300C9B799 /* TheShellGame */,
				3664116418F00B1300C9B799 /* TheShellGameTests */,
				3664113718F00B1300C9B799 /* Frameworks */,
				3664113618F00B1300C9B799 /* Products */,
			);
			sourceTree = "<group>";
		};
		3664113618F00B1300C9B799 /* Products */ = {
			isa = PBXGroup;
			children = (
				3664113518F00B1300C9B799 /* TheShellGame.app */,
				3664115D18F00B1300C9B799 /* TheShellGameTests.xctest */,
			);
			name = Products;
			sourceTree = "<group>";
		};
		3664113718F00B1300C9B799 /* Frameworks */ = {
			isa = PBXGroup;
			children = (
				36C76BE81902770C00D2DD19 /* SystemConfiguration.framework */,
				3664113818F00B1300C9B799 /* Foundation.framework */,
				3664113A18F00B1300C9B799 /* CoreGraphics.framework */,
				3664113C18F00B1300C9B799 /* UIKit.framework */,
				3664113E18F00B1300C9B799 /* SpriteKit.framework */,
				3664115E18F00B1300C9B799 /* XCTest.framework */,
			);
			name = Frameworks;
			sourceTree = "<group>";
		};
		3664114018F00B1300C9B799 /* TheShellGame */ = {
			isa = PBXGroup;
			children = (
				36FAD5E718F5C7E50018DBF7 /* blikje.png */,
				36FAD5EF18F5CBB70018DBF7 /* pingpongbal.png */,
				3664114918F00B1300C9B799 /* AppDelegate.h */,
				3664114A18F00B1300C9B799 /* AppDelegate.m */,
				3664114C18F00B1300C9B799 /* Main.storyboard */,
				3664114F18F00B1300C9B799 /* ViewController.h */,
				3664115018F00B1300C9B799 /* ViewController.m */,
				3664115218F00B1300C9B799 /* MyScene.h */,
				3664115318F00B1300C9B799 /* MyScene.m */,
				3679BA4818F1C7BD00FDF047 /* MenuScene.h */,
				3679BA4918F1C7BD00FDF047 /* MenuScene.m */,
				3679BA4B18F1D65700FDF047 /* OptionsScene.h */,
				3679BA4C18F1D65700FDF047 /* OptionsScene.m */,
				3679BA4E18F1DC1D00FDF047 /* GameManager.h */,
				3679BA4F18F1DC1D00FDF047 /* GameManager.m */,
				36AE94C819018F2D008AD2B3 /* PreHighscoreScene.h */,
				36AE94C919018F2D008AD2B3 /* PreHighscoreScene.m */,
				36AE94CB19018F3D008AD2B3 /* HighscoreScene.h */,
				36AE94CC19018F3D008AD2B3 /* HighscoreScene.m */,
				3664115718F00B1300C9B799 /* Images.xcassets */,
				3664114118F00B1300C9B799 /* Supporting Files */,
			);
			path = TheShellGame;
			sourceTree = "<group>";
		};
		3664114118F00B1300C9B799 /* Supporting Files */ = {
			isa = PBXGroup;
			children = (
				3664114218F00B1300C9B799 /* TheShellGame-Info.plist */,
				3664114318F00B1300C9B799 /* InfoPlist.strings */,
				3664114618F00B1300C9B799 /* main.m */,
				3664114818F00B1300C9B799 /* TheShellGame-Prefix.pch */,
			);
			name = "Supporting Files";
			sourceTree = "<group>";
		};
		3664116418F00B1300C9B799 /* TheShellGameTests */ = {
			isa = PBXGroup;
			children = (
				3664116A18F00B1300C9B799 /* TheShellGameTests.m */,
				3664116518F00B1300C9B799 /* Supporting Files */,
			);
			path = TheShellGameTests;
			sourceTree = "<group>";
		};
		3664116518F00B1300C9B799 /* Supporting Files */ = {
			isa = PBXGroup;
			children = (
				3664116618F00B1300C9B799 /* TheShellGameTests-Info.plist */,
				3664116718F00B1300C9B799 /* InfoPlist.strings */,
			);
			name = "Supporting Files";
			sourceTree = "<group>";
		};
/* End PBXGroup section */

/* Begin PBXNativeTarget section */
		3664113418F00B1300C9B799 /* TheShellGame */ = {
			isa = PBXNativeTarget;
			buildConfigurationList = 3664116E18F00B1300C9B799 /* Build configuration list for PBXNativeTarget "TheShellGame" */;
			buildPhases = (
				3664113118F00B1300C9B799 /* Sources */,
				3664113218F00B1300C9B799 /* Frameworks */,
				3664113318F00B1300C9B799 /* Resources */,
			);
			buildRules = (
			);
			dependencies = (
			);
			name = TheShellGame;
			productName = TheShellGame;
			productReference = 3664113518F00B1300C9B799 /* TheShellGame.app */;
			productType = "com.apple.product-type.application";
		};
		3664115C18F00B1300C9B799 /* TheShellGameTests */ = {
			isa = PBXNativeTarget;
			buildConfigurationList = 3664117118F00B1300C9B799 /* Build configuration list for PBXNativeTarget "TheShellGameTests" */;
			buildPhases = (
				3664115918F00B1300C9B799 /* Sources */,
				3664115A18F00B1300C9B799 /* Frameworks */,
				3664115B18F00B1300C9B799 /* Resources */,
			);
			buildRules = (
			);
			dependencies = (
				3664116318F00B1300C9B799 /* PBXTargetDependency */,
			);
			name = TheShellGameTests;
			productName = TheShellGameTests;
			productReference = 3664115D18F00B1300C9B799 /* TheShellGameTests.xctest */;
			productType = "com.apple.product-type.bundle.unit-test";
		};
/* End PBXNativeTarget section */

/* Begin PBXProject section */
		3664112D18F00B1300C9B799 /* Project object */ = {
			isa = PBXProject;
			attributes = {
				LastUpgradeCheck = 0510;
				ORGANIZATIONNAME = "R Witsenburg";
				TargetAttributes = {
					3664115C18F00B1300C9B799 = {
						TestTargetID = 3664113418F00B1300C9B799;
					};
				};
			};
			buildConfigurationList = 3664113018F00B1300C9B799 /* Build configuration list for PBXProject "TheShellGame" */;
			compatibilityVersion = "Xcode 3.2";
			developmentRegion = English;
			hasScannedForEncodings = 0;
			knownRegions = (
				en,
				Base,
			);
			mainGroup = 3664112C18F00B1300C9B799;
			productRefGroup = 3664113618F00B1300C9B799 /* Products */;
			projectDirPath = "";
			projectRoot = "";
			targets = (
				3664113418F00B1300C9B799 /* TheShellGame */,
				3664115C18F00B1300C9B799 /* TheShellGameTests */,
			);
		};
/* End PBXProject section */

/* Begin PBXResourcesBuildPhase section */
		3664113318F00B1300C9B799 /* Resources */ = {
			isa = PBXResourcesBuildPhase;
			buildActionMask = 2147483647;
			files = (
				3664114518F00B1300C9B799 /* InfoPlist.strings in Resources */,
				3664115818F00B1300C9B799 /* Images.xcassets in Resources */,
				36FAD5E818F5C7E50018DBF7 /* blikje.png in Resources */,
				36FAD5F018F5CBB70018DBF7 /* pingpongbal.png in Resources */,
				3664114E18F00B1300C9B799 /* Main.storyboard in Resources */,
			);
			runOnlyForDeploymentPostprocessing = 0;
		};
		3664115B18F00B1300C9B799 /* Resources */ = {
			isa = PBXResourcesBuildPhase;
			buildActionMask = 2147483647;
			files = (
				3664116918F00B1300C9B799 /* InfoPlist.strings in Resources */,
			);
			runOnlyForDeploymentPostprocessing = 0;
		};
/* End PBXResourcesBuildPhase section */

/* Begin PBXSourcesBuildPhase section */
		3664113118F00B1300C9B799 /* Sources */ = {
			isa = PBXSourcesBuildPhase;
			buildActionMask = 2147483647;
			files = (
				3664115418F00B1300C9B799 /* MyScene.m in Sources */,
				36AE94CD19018F3D008AD2B3 /* HighscoreScene.m in Sources */,
				3679BA4A18F1C7BD00FDF047 /* MenuScene.m in Sources */,
				3664115118F00B1300C9B799 /* ViewController.m in Sources */,
				3679BA4D18F1D65700FDF047 /* OptionsScene.m in Sources */,
				3664114B18F00B1300C9B799 /* AppDelegate.m in Sources */,
				3679BA5018F1DC1D00FDF047 /* GameManager.m in Sources */,
				3664114718F00B1300C9B799 /* main.m in Sources */,
				36AE94CA19018F2D008AD2B3 /* PreHighscoreScene.m in Sources */,
			);
			runOnlyForDeploymentPostprocessing = 0;
		};
		3664115918F00B1300C9B799 /* Sources */ = {
			isa = PBXSourcesBuildPhase;
			buildActionMask = 2147483647;
			files = (
				3664116B18F00B1300C9B799 /* TheShellGameTests.m in Sources */,
			);
			runOnlyForDeploymentPostprocessing = 0;
		};
/* End PBXSourcesBuildPhase section */

/* Begin PBXTargetDependency section */
		3664116318F00B1300C9B799 /* PBXTargetDependency */ = {
			isa = PBXTargetDependency;
			target = 3664113418F00B1300C9B799 /* TheShellGame */;
			targetProxy = 3664116218F00B1300C9B799 /* PBXContainerItemProxy */;
		};
/* End PBXTargetDependency section */

/* Begin PBXVariantGroup section */
		3664114318F00B1300C9B799 /* InfoPlist.strings */ = {
			isa = PBXVariantGroup;
			children = (
				3664114418F00B1300C9B799 /* en */,
			);
			name = InfoPlist.strings;
			sourceTree = "<group>";
		};
		3664114C18F00B1300C9B799 /* Main.storyboard */ = {
			isa = PBXVariantGroup;
			children = (
				3664114D18F00B1300C9B799 /* Base */,
			);
			name = Main.storyboard;
			sourceTree = "<group>";
		};
		3664116718F00B1300C9B799 /* InfoPlist.strings */ = {
			isa = PBXVariantGroup;
			children = (
				3664116818F00B1300C9B799 /* en */,
			);
			name = InfoPlist.strings;
			sourceTree = "<group>";
		};
/* End PBXVariantGroup section */

/* Begin XCBuildConfiguration section */
		3664116C18F00B1300C9B799 /* Debug */ = {
			isa = XCBuildConfiguration;
			buildSettings = {
				ALWAYS_SEARCH_USER_PATHS = NO;
				CLANG_CXX_LANGUAGE_STANDARD = "gnu++0x";
				CLANG_CXX_LIBRARY = "libc++";
				CLANG_ENABLE_MODULES = YES;
				CLANG_ENABLE_OBJC_ARC = YES;
				CLANG_WARN_BOOL_CONVERSION = YES;
				CLANG_WARN_CONSTANT_CONVERSION = YES;
				CLANG_WARN_DIRECT_OBJC_ISA_USAGE = YES_ERROR;
				CLANG_WARN_EMPTY_BODY = YES;
				CLANG_WARN_ENUM_CONVERSION = YES;
				CLANG_WARN_INT_CONVERSION = YES;
				CLANG_WARN_OBJC_ROOT_CLASS = YES_ERROR;
				CLANG_WARN__DUPLICATE_METHOD_MATCH = YES;
				"CODE_SIGN_IDENTITY[sdk=iphoneos*]" = "iPhone Developer";
				COPY_PHASE_STRIP = NO;
				GCC_C_LANGUAGE_STANDARD = gnu99;
				GCC_DYNAMIC_NO_PIC = NO;
				GCC_OPTIMIZATION_LEVEL = 0;
				GCC_PREPROCESSOR_DEFINITIONS = (
					"DEBUG=1",
					"$(inherited)",
				);
				GCC_SYMBOLS_PRIVATE_EXTERN = NO;
				GCC_WARN_64_TO_32_BIT_CONVERSION = YES;
				GCC_WARN_ABOUT_RETURN_TYPE = YES_ERROR;
				GCC_WARN_UNDECLARED_SELECTOR = YES;
				GCC_WARN_UNINITIALIZED_AUTOS = YES_AGGRESSIVE;
				GCC_WARN_UNUSED_FUNCTION = YES;
				GCC_WARN_UNUSED_VARIABLE = YES;
				IPHONEOS_DEPLOYMENT_TARGET = 7.1;
				ONLY_ACTIVE_ARCH = YES;
				SDKROOT = iphoneos;
				TARGETED_DEVICE_FAMILY = 2;
			};
			name = Debug;
		};
		3664116D18F00B1300C9B799 /* Release */ = {
			isa = XCBuildConfiguration;
			buildSettings = {
				ALWAYS_SEARCH_USER_PATHS = NO;
				CLANG_CXX_LANGUAGE_STANDARD = "gnu++0x";
				CLANG_CXX_LIBRARY = "libc++";
				CLANG_ENABLE_MODULES = YES;
				CLANG_ENABLE_OBJC_ARC = YES;
				CLANG_WARN_BOOL_CONVERSION = YES;
				CLANG_WARN_CONSTANT_CONVERSION = YES;
				CLANG_WARN_DIRECT_OBJC_ISA_USAGE = YES_ERROR;
				CLANG_WARN_EMPTY_BODY = YES;
				CLANG_WARN_ENUM_CONVERSION = YES;
				CLANG_WARN_INT_CONVERSION = YES;
				CLANG_WARN_OBJC_ROOT_CLASS = YES_ERROR;
				CLANG_WARN__DUPLICATE_METHOD_MATCH = YES;
				"CODE_SIGN_IDENTITY[sdk=iphoneos*]" = "iPhone Developer";
				COPY_PHASE_STRIP = YES;
				ENABLE_NS_ASSERTIONS = NO;
				GCC_C_LANGUAGE_STANDARD = gnu99;
				GCC_WARN_64_TO_32_BIT_CONVERSION = YES;
				GCC_WARN_ABOUT_RETURN_TYPE = YES_ERROR;
				GCC_WARN_UNDECLARED_SELECTOR = YES;
				GCC_WARN_UNINITIALIZED_AUTOS = YES_AGGRESSIVE;
				GCC_WARN_UNUSED_FUNCTION = YES;
				GCC_WARN_UNUSED_VARIABLE = YES;
				IPHONEOS_DEPLOYMENT_TARGET = 7.1;
				SDKROOT = iphoneos;
				TARGETED_DEVICE_FAMILY = 2;
				VALIDATE_PRODUCT = YES;
			};
			name = Release;
		};
		3664116F18F00B1300C9B799 /* Debug */ = {
			isa = XCBuildConfiguration;
			buildSettings = {
				ASSETCATALOG_COMPILER_APPICON_NAME = AppIcon;
				ASSETCATALOG_COMPILER_LAUNCHIMAGE_NAME = LaunchImage;
				GCC_PRECOMPILE_PREFIX_HEADER = YES;
				GCC_PREFIX_HEADER = "TheShellGame/TheShellGame-Prefix.pch";
				INFOPLIST_FILE = "TheShellGame/TheShellGame-Info.plist";
				PRODUCT_NAME = "$(TARGET_NAME)";
				SPRITEKIT_TEXTURE_ATLAS_OUTPUT = YES;
				WRAPPER_EXTENSION = app;
			};
			name = Debug;
		};
		3664117018F00B1300C9B799 /* Release */ = {
			isa = XCBuildConfiguration;
			buildSettings = {
				ASSETCATALOG_COMPILER_APPICON_NAME = AppIcon;
				ASSETCATALOG_COMPILER_LAUNCHIMAGE_NAME = LaunchImage;
				GCC_PRECOMPILE_PREFIX_HEADER = YES;
				GCC_PREFIX_HEADER = "TheShellGame/TheShellGame-Prefix.pch";
				INFOPLIST_FILE = "TheShellGame/TheShellGame-Info.plist";
				PRODUCT_NAME = "$(TARGET_NAME)";
				SPRITEKIT_TEXTURE_ATLAS_OUTPUT = YES;
				WRAPPER_EXTENSION = app;
			};
			name = Release;
		};
		3664117218F00B1300C9B799 /* Debug */ = {
			isa = XCBuildConfiguration;
			buildSettings = {
				BUNDLE_LOADER = "$(BUILT_PRODUCTS_DIR)/TheShellGame.app/TheShellGame";
				FRAMEWORK_SEARCH_PATHS = (
					"$(SDKROOT)/Developer/Library/Frameworks",
					"$(inherited)",
					"$(DEVELOPER_FRAMEWORKS_DIR)",
				);
				GCC_PRECOMPILE_PREFIX_HEADER = YES;
				GCC_PREFIX_HEADER = "TheShellGame/TheShellGame-Prefix.pch";
				GCC_PREPROCESSOR_DEFINITIONS = (
					"DEBUG=1",
					"$(inherited)",
				);
				INFOPLIST_FILE = "TheShellGameTests/TheShellGameTests-Info.plist";
				PRODUCT_NAME = "$(TARGET_NAME)";
				TEST_HOST = "$(BUNDLE_LOADER)";
				WRAPPER_EXTENSION = xctest;
			};
			name = Debug;
		};
		3664117318F00B1300C9B799 /* Release */ = {
			isa = XCBuildConfiguration;
			buildSettings = {
				BUNDLE_LOADER = "$(BUILT_PRODUCTS_DIR)/TheShellGame.app/TheShellGame";
				FRAMEWORK_SEARCH_PATHS = (
					"$(SDKROOT)/Developer/Library/Frameworks",
					"$(inherited)",
					"$(DEVELOPER_FRAMEWORKS_DIR)",
				);
				GCC_PRECOMPILE_PREFIX_HEADER = YES;
				GCC_PREFIX_HEADER = "TheShellGame/TheShellGame-Prefix.pch";
				INFOPLIST_FILE = "TheShellGameTests/TheShellGameTests-Info.plist";
				PRODUCT_NAME = "$(TARGET_NAME)";
				TEST_HOST = "$(BUNDLE_LOADER)";
				WRAPPER_EXTENSION = xctest;
			};
			name = Release;
		};
/* End XCBuildConfiguration section */

/* Begin XCConfigurationList section */
		3664113018F00B1300C9B799 /* Build configuration list for PBXProject "TheShellGame" */ = {
			isa = XCConfigurationList;
			buildConfigurations = (
				3664116C18F00B1300C9B799 /* Debug */,
				3664116D18F00B1300C9B799 /* Release */,
			);
			defaultConfigurationIsVisible = 0;
			defaultConfigurationName = Release;
		};
		3664116E18F00B1300C9B799 /* Build configuration list for PBXNativeTarget "TheShellGame" */ = {
			isa = XCConfigurationList;
			buildConfigurations = (
				3664116F18F00B1300C9B799 /* Debug */,
				3664117018F00B1300C9B799 /* Release */,
			);
			defaultConfigurationIsVisible = 0;
			defaultConfigurationName = Release;
		};
		3664117118F00B1300C9B799 /* Build configuration list for PBXNativeTarget "TheShellGameTests" */ = {
			isa = XCConfigurationList;
			buildConfigurations = (
				3664117218F00B1300C9B799 /* Debug */,
				3664117318F00B1300C9B799 /* Release */,
			);
			defaultConfigurationIsVisible = 0;
			defaultConfigurationName = Release;
		};
/* End XCConfigurationList section */
	};
	rootObject = 3664112D18F00B1300C9B799 /* Project object */;
}
